// !$*UTF8*$!
{
	archiveVersion = 1;
	classes = {
	};
	objectVersion = 56;
	objects = {

/* Begin PBXBuildFile section */
		0215A4832ACDD7E900D7AA22 /* MapPracticeApp.swift in Sources */ = {isa = PBXBuildFile; fileRef = 0215A4822ACDD7E900D7AA22 /* MapPracticeApp.swift */; };
		0215A4852ACDD7E900D7AA22 /* ContentView.swift in Sources */ = {isa = PBXBuildFile; fileRef = 0215A4842ACDD7E900D7AA22 /* ContentView.swift */; };
		0215A4872ACDD7EB00D7AA22 /* Assets.xcassets in Resources */ = {isa = PBXBuildFile; fileRef = 0215A4862ACDD7EB00D7AA22 /* Assets.xcassets */; };
		0215A48A2ACDD7EB00D7AA22 /* Preview Assets.xcassets in Resources */ = {isa = PBXBuildFile; fileRef = 0215A4892ACDD7EB00D7AA22 /* Preview Assets.xcassets */; };
		0215A4942ACDD7EC00D7AA22 /* MapPracticeTests.swift in Sources */ = {isa = PBXBuildFile; fileRef = 0215A4932ACDD7EC00D7AA22 /* MapPracticeTests.swift */; };
		0215A49E2ACDD7EC00D7AA22 /* MapPracticeUITests.swift in Sources */ = {isa = PBXBuildFile; fileRef = 0215A49D2ACDD7EC00D7AA22 /* MapPracticeUITests.swift */; };
		0215A4A02ACDD7EC00D7AA22 /* MapPracticeUITestsLaunchTests.swift in Sources */ = {isa = PBXBuildFile; fileRef = 0215A49F2ACDD7EC00D7AA22 /* MapPracticeUITestsLaunchTests.swift */; };
		0215A4AD2ACDDD7700D7AA22 /* LocationManager.swift in Sources */ = {isa = PBXBuildFile; fileRef = 0215A4AC2ACDDD7700D7AA22 /* LocationManager.swift */; };
/* End PBXBuildFile section */

/* Begin PBXContainerItemProxy section */
		0215A4902ACDD7EC00D7AA22 /* PBXContainerItemProxy */ = {
			isa = PBXContainerItemProxy;
			containerPortal = 0215A4772ACDD7E900D7AA22 /* Project object */;
			proxyType = 1;
			remoteGlobalIDString = 0215A47E2ACDD7E900D7AA22;
			remoteInfo = MapPractice;
		};
		0215A49A2ACDD7EC00D7AA22 /* PBXContainerItemProxy */ = {
			isa = PBXContainerItemProxy;
			containerPortal = 0215A4772ACDD7E900D7AA22 /* Project object */;
			proxyType = 1;
			remoteGlobalIDString = 0215A47E2ACDD7E900D7AA22;
			remoteInfo = MapPractice;
		};
/* End PBXContainerItemProxy section */

/* Begin PBXFileReference section */
		0215A47F2ACDD7E900D7AA22 /* MapPractice.app */ = {isa = PBXFileReference; explicitFileType = wrapper.application; includeInIndex = 0; path = MapPractice.app; sourceTree = BUILT_PRODUCTS_DIR; };
		0215A4822ACDD7E900D7AA22 /* MapPracticeApp.swift */ = {isa = PBXFileReference; lastKnownFileType = sourcecode.swift; path = MapPracticeApp.swift; sourceTree = "<group>"; };
		0215A4842ACDD7E900D7AA22 /* ContentView.swift */ = {isa = PBXFileReference; lastKnownFileType = sourcecode.swift; path = ContentView.swift; sourceTree = "<group>"; };
		0215A4862ACDD7EB00D7AA22 /* Assets.xcassets */ = {isa = PBXFileReference; lastKnownFileType = folder.assetcatalog; path = Assets.xcassets; sourceTree = "<group>"; };
		0215A4892ACDD7EB00D7AA22 /* Preview Assets.xcassets */ = {isa = PBXFileReference; lastKnownFileType = folder.assetcatalog; path = "Preview Assets.xcassets"; sourceTree = "<group>"; };
		0215A48F2ACDD7EC00D7AA22 /* MapPracticeTests.xctest */ = {isa = PBXFileReference; explicitFileType = wrapper.cfbundle; includeInIndex = 0; path = MapPracticeTests.xctest; sourceTree = BUILT_PRODUCTS_DIR; };
		0215A4932ACDD7EC00D7AA22 /* MapPracticeTests.swift */ = {isa = PBXFileReference; lastKnownFileType = sourcecode.swift; path = MapPracticeTests.swift; sourceTree = "<group>"; };
		0215A4992ACDD7EC00D7AA22 /* MapPracticeUITests.xctest */ = {isa = PBXFileReference; explicitFileType = wrapper.cfbundle; includeInIndex = 0; path = MapPracticeUITests.xctest; sourceTree = BUILT_PRODUCTS_DIR; };
		0215A49D2ACDD7EC00D7AA22 /* MapPracticeUITests.swift */ = {isa = PBXFileReference; lastKnownFileType = sourcecode.swift; path = MapPracticeUITests.swift; sourceTree = "<group>"; };
		0215A49F2ACDD7EC00D7AA22 /* MapPracticeUITestsLaunchTests.swift */ = {isa = PBXFileReference; lastKnownFileType = sourcecode.swift; path = MapPracticeUITestsLaunchTests.swift; sourceTree = "<group>"; };
		0215A4AC2ACDDD7700D7AA22 /* LocationManager.swift */ = {isa = PBXFileReference; lastKnownFileType = sourcecode.swift; path = LocationManager.swift; sourceTree = "<group>"; };
/* End PBXFileReference section */

/* Begin PBXFrameworksBuildPhase section */
		0215A47C2ACDD7E900D7AA22 /* Frameworks */ = {
			isa = PBXFrameworksBuildPhase;
			buildActionMask = 2147483647;
			files = (
			);
			runOnlyForDeploymentPostprocessing = 0;
		};
		0215A48C2ACDD7EB00D7AA22 /* Frameworks */ = {
			isa = PBXFrameworksBuildPhase;
			buildActionMask = 2147483647;
			files = (
			);
			runOnlyForDeploymentPostprocessing = 0;
		};
		0215A4962ACDD7EC00D7AA22 /* Frameworks */ = {
			isa = PBXFrameworksBuildPhase;
			buildActionMask = 2147483647;
			files = (
			);
			runOnlyForDeploymentPostprocessing = 0;
		};
/* End PBXFrameworksBuildPhase section */

/* Begin PBXGroup section */
		0215A4762ACDD7E900D7AA22 = {
			isa = PBXGroup;
			children = (
				0215A4812ACDD7E900D7AA22 /* MapPractice */,
				0215A4922ACDD7EC00D7AA22 /* MapPracticeTests */,
				0215A49C2ACDD7EC00D7AA22 /* MapPracticeUITests */,
				0215A4802ACDD7E900D7AA22 /* Products */,
			);
			sourceTree = "<group>";
		};
		0215A4802ACDD7E900D7AA22 /* Products */ = {
			isa = PBXGroup;
			children = (
				0215A47F2ACDD7E900D7AA22 /* MapPractice.app */,
				0215A48F2ACDD7EC00D7AA22 /* MapPracticeTests.xctest */,
				0215A4992ACDD7EC00D7AA22 /* MapPracticeUITests.xctest */,
			);
			name = Products;
			sourceTree = "<group>";
		};
		0215A4812ACDD7E900D7AA22 /* MapPractice */ = {
			isa = PBXGroup;
			children = (
				0215A4822ACDD7E900D7AA22 /* MapPracticeApp.swift */,
				0215A4842ACDD7E900D7AA22 /* ContentView.swift */,
				0215A4862ACDD7EB00D7AA22 /* Assets.xcassets */,
				0215A4882ACDD7EB00D7AA22 /* Preview Content */,
				0215A4AC2ACDDD7700D7AA22 /* LocationManager.swift */,
			);
			path = MapPractice;
			sourceTree = "<group>";
		};
		0215A4882ACDD7EB00D7AA22 /* Preview Content */ = {
			isa = PBXGroup;
			children = (
				0215A4892ACDD7EB00D7AA22 /* Preview Assets.xcassets */,
			);
			path = "Preview Content";
			sourceTree = "<group>";
		};
		0215A4922ACDD7EC00D7AA22 /* MapPracticeTests */ = {
			isa = PBXGroup;
			children = (
				0215A4932ACDD7EC00D7AA22 /* MapPracticeTests.swift */,
			);
			path = MapPracticeTests;
			sourceTree = "<group>";
		};
		0215A49C2ACDD7EC00D7AA22 /* MapPracticeUITests */ = {
			isa = PBXGroup;
			children = (
				0215A49D2ACDD7EC00D7AA22 /* MapPracticeUITests.swift */,
				0215A49F2ACDD7EC00D7AA22 /* MapPracticeUITestsLaunchTests.swift */,
			);
			path = MapPracticeUITests;
			sourceTree = "<group>";
		};
/* End PBXGroup section */

/* Begin PBXNativeTarget section */
		0215A47E2ACDD7E900D7AA22 /* MapPractice */ = {
			isa = PBXNativeTarget;
			buildConfigurationList = 0215A4A32ACDD7EC00D7AA22 /* Build configuration list for PBXNativeTarget "MapPractice" */;
			buildPhases = (
				0215A47B2ACDD7E900D7AA22 /* Sources */,
				0215A47C2ACDD7E900D7AA22 /* Frameworks */,
				0215A47D2ACDD7E900D7AA22 /* Resources */,
			);
			buildRules = (
			);
			dependencies = (
			);
			name = MapPractice;
			productName = MapPractice;
			productReference = 0215A47F2ACDD7E900D7AA22 /* MapPractice.app */;
			productType = "com.apple.product-type.application";
		};
		0215A48E2ACDD7EB00D7AA22 /* MapPracticeTests */ = {
			isa = PBXNativeTarget;
			buildConfigurationList = 0215A4A62ACDD7EC00D7AA22 /* Build configuration list for PBXNativeTarget "MapPracticeTests" */;
			buildPhases = (
				0215A48B2ACDD7EB00D7AA22 /* Sources */,
				0215A48C2ACDD7EB00D7AA22 /* Frameworks */,
				0215A48D2ACDD7EB00D7AA22 /* Resources */,
			);
			buildRules = (
			);
			dependencies = (
				0215A4912ACDD7EC00D7AA22 /* PBXTargetDependency */,
			);
			name = MapPracticeTests;
			productName = MapPracticeTests;
			productReference = 0215A48F2ACDD7EC00D7AA22 /* MapPracticeTests.xctest */;
			productType = "com.apple.product-type.bundle.unit-test";
		};
		0215A4982ACDD7EC00D7AA22 /* MapPracticeUITests */ = {
			isa = PBXNativeTarget;
			buildConfigurationList = 0215A4A92ACDD7EC00D7AA22 /* Build configuration list for PBXNativeTarget "MapPracticeUITests" */;
			buildPhases = (
				0215A4952ACDD7EC00D7AA22 /* Sources */,
				0215A4962ACDD7EC00D7AA22 /* Frameworks */,
				0215A4972ACDD7EC00D7AA22 /* Resources */,
			);
			buildRules = (
			);
			dependencies = (
				0215A49B2ACDD7EC00D7AA22 /* PBXTargetDependency */,
			);
			name = MapPracticeUITests;
			productName = MapPracticeUITests;
			productReference = 0215A4992ACDD7EC00D7AA22 /* MapPracticeUITests.xctest */;
			productType = "com.apple.product-type.bundle.ui-testing";
		};
/* End PBXNativeTarget section */

/* Begin PBXProject section */
		0215A4772ACDD7E900D7AA22 /* Project object */ = {
			isa = PBXProject;
			attributes = {
				BuildIndependentTargetsInParallel = 1;
				LastSwiftUpdateCheck = 1500;
				LastUpgradeCheck = 1500;
				TargetAttributes = {
					0215A47E2ACDD7E900D7AA22 = {
						CreatedOnToolsVersion = 15.0;
					};
					0215A48E2ACDD7EB00D7AA22 = {
						CreatedOnToolsVersion = 15.0;
						TestTargetID = 0215A47E2ACDD7E900D7AA22;
					};
					0215A4982ACDD7EC00D7AA22 = {
						CreatedOnToolsVersion = 15.0;
						TestTargetID = 0215A47E2ACDD7E900D7AA22;
					};
				};
			};
			buildConfigurationList = 0215A47A2ACDD7E900D7AA22 /* Build configuration list for PBXProject "MapPractice" */;
			compatibilityVersion = "Xcode 14.0";
			developmentRegion = en;
			hasScannedForEncodings = 0;
			knownRegions = (
				en,
				Base,
			);
			mainGroup = 0215A4762ACDD7E900D7AA22;
			productRefGroup = 0215A4802ACDD7E900D7AA22 /* Products */;
			projectDirPath = "";
			projectRoot = "";
			targets = (
				0215A47E2ACDD7E900D7AA22 /* MapPractice */,
				0215A48E2ACDD7EB00D7AA22 /* MapPracticeTests */,
				0215A4982ACDD7EC00D7AA22 /* MapPracticeUITests */,
			);
		};
/* End PBXProject section */

/* Begin PBXResourcesBuildPhase section */
		0215A47D2ACDD7E900D7AA22 /* Resources */ = {
			isa = PBXResourcesBuildPhase;
			buildActionMask = 2147483647;
			files = (
				0215A48A2ACDD7EB00D7AA22 /* Preview Assets.xcassets in Resources */,
				0215A4872ACDD7EB00D7AA22 /* Assets.xcassets in Resources */,
			);
			runOnlyForDeploymentPostprocessing = 0;
		};
		0215A48D2ACDD7EB00D7AA22 /* Resources */ = {
			isa = PBXResourcesBuildPhase;
			buildActionMask = 2147483647;
			files = (
			);
			runOnlyForDeploymentPostprocessing = 0;
		};
		0215A4972ACDD7EC00D7AA22 /* Resources */ = {
			isa = PBXResourcesBuildPhase;
			buildActionMask = 2147483647;
			files = (
			);
			runOnlyForDeploymentPostprocessing = 0;
		};
/* End PBXResourcesBuildPhase section */

/* Begin PBXSourcesBuildPhase section */
		0215A47B2ACDD7E900D7AA22 /* Sources */ = {
			isa = PBXSourcesBuildPhase;
			buildActionMask = 2147483647;
			files = (
				0215A4852ACDD7E900D7AA22 /* ContentView.swift in Sources */,
				0215A4832ACDD7E900D7AA22 /* MapPracticeApp.swift in Sources */,
				0215A4AD2ACDDD7700D7AA22 /* LocationManager.swift in Sources */,
			);
			runOnlyForDeploymentPostprocessing = 0;
		};
		0215A48B2ACDD7EB00D7AA22 /* Sources */ = {
			isa = PBXSourcesBuildPhase;
			buildActionMask = 2147483647;
			files = (
				0215A4942ACDD7EC00D7AA22 /* MapPracticeTests.swift in Sources */,
			);
			runOnlyForDeploymentPostprocessing = 0;
		};
		0215A4952ACDD7EC00D7AA22 /* Sources */ = {
			isa = PBXSourcesBuildPhase;
			buildActionMask = 2147483647;
			files = (
				0215A4A02ACDD7EC00D7AA22 /* MapPracticeUITestsLaunchTests.swift in Sources */,
				0215A49E2ACDD7EC00D7AA22 /* MapPracticeUITests.swift in Sources */,
			);
			runOnlyForDeploymentPostprocessing = 0;
		};
/* End PBXSourcesBuildPhase section */

/* Begin PBXTargetDependency section */
		0215A4912ACDD7EC00D7AA22 /* PBXTargetDependency */ = {
			isa = PBXTargetDependency;
			target = 0215A47E2ACDD7E900D7AA22 /* MapPractice */;
			targetProxy = 0215A4902ACDD7EC00D7AA22 /* PBXContainerItemProxy */;
		};
		0215A49B2ACDD7EC00D7AA22 /* PBXTargetDependency */ = {
			isa = PBXTargetDependency;
			target = 0215A47E2ACDD7E900D7AA22 /* MapPractice */;
			targetProxy = 0215A49A2ACDD7EC00D7AA22 /* PBXContainerItemProxy */;
		};
/* End PBXTargetDependency section */

/* Begin XCBuildConfiguration section */
		0215A4A12ACDD7EC00D7AA22 /* Debug */ = {
			isa = XCBuildConfiguration;
			buildSettings = {
				ALWAYS_SEARCH_USER_PATHS = NO;
				ASSETCATALOG_COMPILER_GENERATE_SWIFT_ASSET_SYMBOL_EXTENSIONS = YES;
				CLANG_ANALYZER_NONNULL = YES;
				CLANG_ANALYZER_NUMBER_OBJECT_CONVERSION = YES_AGGRESSIVE;
				CLANG_CXX_LANGUAGE_STANDARD = "gnu++20";
				CLANG_ENABLE_MODULES = YES;
				CLANG_ENABLE_OBJC_ARC = YES;
				CLANG_ENABLE_OBJC_WEAK = YES;
				CLANG_WARN_BLOCK_CAPTURE_AUTORELEASING = YES;
				CLANG_WARN_BOOL_CONVERSION = YES;
				CLANG_WARN_COMMA = YES;
				CLANG_WARN_CONSTANT_CONVERSION = YES;
				CLANG_WARN_DEPRECATED_OBJC_IMPLEMENTATIONS = YES;
				CLANG_WARN_DIRECT_OBJC_ISA_USAGE = YES_ERROR;
				CLANG_WARN_DOCUMENTATION_COMMENTS = YES;
				CLANG_WARN_EMPTY_BODY = YES;
				CLANG_WARN_ENUM_CONVERSION = YES;
				CLANG_WARN_INFINITE_RECURSION = YES;
				CLANG_WARN_INT_CONVERSION = YES;
				CLANG_WARN_NON_LITERAL_NULL_CONVERSION = YES;
				CLANG_WARN_OBJC_IMPLICIT_RETAIN_SELF = YES;
				CLANG_WARN_OBJC_LITERAL_CONVERSION = YES;
				CLANG_WARN_OBJC_ROOT_CLASS = YES_ERROR;
				CLANG_WARN_QUOTED_INCLUDE_IN_FRAMEWORK_HEADER = YES;
				CLANG_WARN_RANGE_LOOP_ANALYSIS = YES;
				CLANG_WARN_STRICT_PROTOTYPES = YES;
				CLANG_WARN_SUSPICIOUS_MOVE = YES;
				CLANG_WARN_UNGUARDED_AVAILABILITY = YES_AGGRESSIVE;
				CLANG_WARN_UNREACHABLE_CODE = YES;
				CLANG_WARN__DUPLICATE_METHOD_MATCH = YES;
				COPY_PHASE_STRIP = NO;
				DEBUG_INFORMATION_FORMAT = dwarf;
				ENABLE_STRICT_OBJC_MSGSEND = YES;
				ENABLE_TESTABILITY = YES;
				ENABLE_USER_SCRIPT_SANDBOXING = YES;
				GCC_C_LANGUAGE_STANDARD = gnu17;
				GCC_DYNAMIC_NO_PIC = NO;
				GCC_NO_COMMON_BLOCKS = YES;
				GCC_OPTIMIZATION_LEVEL = 0;
				GCC_PREPROCESSOR_DEFINITIONS = (
					"DEBUG=1",
					"$(inherited)",
				);
				GCC_WARN_64_TO_32_BIT_CONVERSION = YES;
				GCC_WARN_ABOUT_RETURN_TYPE = YES_ERROR;
				GCC_WARN_UNDECLARED_SELECTOR = YES;
				GCC_WARN_UNINITIALIZED_AUTOS = YES_AGGRESSIVE;
				GCC_WARN_UNUSED_FUNCTION = YES;
				GCC_WARN_UNUSED_VARIABLE = YES;
				IPHONEOS_DEPLOYMENT_TARGET = 17.0;
				LOCALIZATION_PREFERS_STRING_CATALOGS = YES;
				MTL_ENABLE_DEBUG_INFO = INCLUDE_SOURCE;
				MTL_FAST_MATH = YES;
				ONLY_ACTIVE_ARCH = YES;
				SDKROOT = iphoneos;
				SWIFT_ACTIVE_COMPILATION_CONDITIONS = "DEBUG $(inherited)";
				SWIFT_OPTIMIZATION_LEVEL = "-Onone";
			};
			name = Debug;
		};
		0215A4A22ACDD7EC00D7AA22 /* Release */ = {
			isa = XCBuildConfiguration;
			buildSettings = {
				ALWAYS_SEARCH_USER_PATHS = NO;
				ASSETCATALOG_COMPILER_GENERATE_SWIFT_ASSET_SYMBOL_EXTENSIONS = YES;
				CLANG_ANALYZER_NONNULL = YES;
				CLANG_ANALYZER_NUMBER_OBJECT_CONVERSION = YES_AGGRESSIVE;
				CLANG_CXX_LANGUAGE_STANDARD = "gnu++20";
				CLANG_ENABLE_MODULES = YES;
				CLANG_ENABLE_OBJC_ARC = YES;
				CLANG_ENABLE_OBJC_WEAK = YES;
				CLANG_WARN_BLOCK_CAPTURE_AUTORELEASING = YES;
				CLANG_WARN_BOOL_CONVERSION = YES;
				CLANG_WARN_COMMA = YES;
				CLANG_WARN_CONSTANT_CONVERSION = YES;
				CLANG_WARN_DEPRECATED_OBJC_IMPLEMENTATIONS = YES;
				CLANG_WARN_DIRECT_OBJC_ISA_USAGE = YES_ERROR;
				CLANG_WARN_DOCUMENTATION_COMMENTS = YES;
				CLANG_WARN_EMPTY_BODY = YES;
				CLANG_WARN_ENUM_CONVERSION = YES;
				CLANG_WARN_INFINITE_RECURSION = YES;
				CLANG_WARN_INT_CONVERSION = YES;
				CLANG_WARN_NON_LITERAL_NULL_CONVERSION = YES;
				CLANG_WARN_OBJC_IMPLICIT_RETAIN_SELF = YES;
				CLANG_WARN_OBJC_LITERAL_CONVERSION = YES;
				CLANG_WARN_OBJC_ROOT_CLASS = YES_ERROR;
				CLANG_WARN_QUOTED_INCLUDE_IN_FRAMEWORK_HEADER = YES;
				CLANG_WARN_RANGE_LOOP_ANALYSIS = YES;
				CLANG_WARN_STRICT_PROTOTYPES = YES;
				CLANG_WARN_SUSPICIOUS_MOVE = YES;
				CLANG_WARN_UNGUARDED_AVAILABILITY = YES_AGGRESSIVE;
				CLANG_WARN_UNREACHABLE_CODE = YES;
				CLANG_WARN__DUPLICATE_METHOD_MATCH = YES;
				COPY_PHASE_STRIP = NO;
				DEBUG_INFORMATION_FORMAT = "dwarf-with-dsym";
				ENABLE_NS_ASSERTIONS = NO;
				ENABLE_STRICT_OBJC_MSGSEND = YES;
				ENABLE_USER_SCRIPT_SANDBOXING = YES;
				GCC_C_LANGUAGE_STANDARD = gnu17;
				GCC_NO_COMMON_BLOCKS = YES;
				GCC_WARN_64_TO_32_BIT_CONVERSION = YES;
				GCC_WARN_ABOUT_RETURN_TYPE = YES_ERROR;
				GCC_WARN_UNDECLARED_SELECTOR = YES;
				GCC_WARN_UNINITIALIZED_AUTOS = YES_AGGRESSIVE;
				GCC_WARN_UNUSED_FUNCTION = YES;
				GCC_WARN_UNUSED_VARIABLE = YES;
				IPHONEOS_DEPLOYMENT_TARGET = 17.0;
				LOCALIZATION_PREFERS_STRING_CATALOGS = YES;
				MTL_ENABLE_DEBUG_INFO = NO;
				MTL_FAST_MATH = YES;
				SDKROOT = iphoneos;
				SWIFT_COMPILATION_MODE = wholemodule;
				VALIDATE_PRODUCT = YES;
			};
			name = Release;
		};
		0215A4A42ACDD7EC00D7AA22 /* Debug */ = {
			isa = XCBuildConfiguration;
			buildSettings = {
				ASSETCATALOG_COMPILER_APPICON_NAME = AppIcon;
				ASSETCATALOG_COMPILER_GLOBAL_ACCENT_COLOR_NAME = AccentColor;
				CODE_SIGN_STYLE = Automatic;
				CURRENT_PROJECT_VERSION = 1;
				DEVELOPMENT_ASSET_PATHS = "\"MapPractice/Preview Content\"";
				ENABLE_PREVIEWS = YES;
				GENERATE_INFOPLIST_FILE = YES;
				INFOPLIST_KEY_NSLocationAlwaysUsageDescription = "Need Location";
				INFOPLIST_KEY_NSLocationUsageDescription = "Need Location";
				INFOPLIST_KEY_UIApplicationSceneManifest_Generation = YES;
				INFOPLIST_KEY_UIApplicationSupportsIndirectInputEvents = YES;
				INFOPLIST_KEY_UILaunchScreen_Generation = YES;
				INFOPLIST_KEY_UISupportedInterfaceOrientations_iPad = "UIInterfaceOrientationPortrait UIInterfaceOrientationPortraitUpsideDown UIInterfaceOrientationLandscapeLeft UIInterfaceOrientationLandscapeRight";
				INFOPLIST_KEY_UISupportedInterfaceOrientations_iPhone = "UIInterfaceOrientationPortrait UIInterfaceOrientationLandscapeLeft UIInterfaceOrientationLandscapeRight";
				LD_RUNPATH_SEARCH_PATHS = (
					"$(inherited)",
					"@executable_path/Frameworks",
				);
				MARKETING_VERSION = 1.0;
				PRODUCT_BUNDLE_IDENTIFIER = com.MapPractice;
				PRODUCT_NAME = "$(TARGET_NAME)";
				SWIFT_EMIT_LOC_STRINGS = YES;
				SWIFT_VERSION = 5.0;
				TARGETED_DEVICE_FAMILY = "1,2";
			};
			name = Debug;
		};
		0215A4A52ACDD7EC00D7AA22 /* Release */ = {
			isa = XCBuildConfiguration;
			buildSettings = {
				ASSETCATALOG_COMPILER_APPICON_NAME = AppIcon;
				ASSETCATALOG_COMPILER_GLOBAL_ACCENT_COLOR_NAME = AccentColor;
				CODE_SIGN_STYLE = Automatic;
				CURRENT_PROJECT_VERSION = 1;
				DEVELOPMENT_ASSET_PATHS = "\"MapPractice/Preview Content\"";
				ENABLE_PREVIEWS = YES;
				GENERATE_INFOPLIST_FILE = YES;
				INFOPLIST_KEY_NSLocationAlwaysUsageDescription = "Need Location";
				INFOPLIST_KEY_NSLocationUsageDescription = "Need Location";
				INFOPLIST_KEY_UIApplicationSceneManifest_Generation = YES;
				INFOPLIST_KEY_UIApplicationSupportsIndirectInputEvents = YES;
				INFOPLIST_KEY_UILaunchScreen_Generation = YES;
				INFOPLIST_KEY_UISupportedInterfaceOrientations_iPad = "UIInterfaceOrientationPortrait UIInterfaceOrientationPortraitUpsideDown UIInterfaceOrientationLandscapeLeft UIInterfaceOrientationLandscapeRight";
				INFOPLIST_KEY_UISupportedInterfaceOrientations_iPhone = "UIInterfaceOrientationPortrait UIInterfaceOrientationLandscapeLeft UIInterfaceOrientationLandscapeRight";
				LD_RUNPATH_SEARCH_PATHS = (
					"$(inherited)",
					"@executable_path/Frameworks",
				);
				MARKETING_VERSION = 1.0;
				PRODUCT_BUNDLE_IDENTIFIER = com.MapPractice;
				PRODUCT_NAME = "$(TARGET_NAME)";
				SWIFT_EMIT_LOC_STRINGS = YES;
				SWIFT_VERSION = 5.0;
				TARGETED_DEVICE_FAMILY = "1,2";
			};
			name = Release;
		};
		0215A4A72ACDD7EC00D7AA22 /* Debug */ = {
			isa = XCBuildConfiguration;
			buildSettings = {
				ALWAYS_EMBED_SWIFT_STANDARD_LIBRARIES = YES;
				BUNDLE_LOADER = "$(TEST_HOST)";
				CODE_SIGN_STYLE = Automatic;
				CURRENT_PROJECT_VERSION = 1;
				GENERATE_INFOPLIST_FILE = YES;
				IPHONEOS_DEPLOYMENT_TARGET = 17.0;
				MARKETING_VERSION = 1.0;
				PRODUCT_BUNDLE_IDENTIFIER = com.MapPracticeTests;
				PRODUCT_NAME = "$(TARGET_NAME)";
				SWIFT_EMIT_LOC_STRINGS = NO;
				SWIFT_VERSION = 5.0;
				TARGETED_DEVICE_FAMILY = "1,2";
				TEST_HOST = "$(BUILT_PRODUCTS_DIR)/MapPractice.app/$(BUNDLE_EXECUTABLE_FOLDER_PATH)/MapPractice";
			};
			name = Debug;
		};
		0215A4A82ACDD7EC00D7AA22 /* Release */ = {
			isa = XCBuildConfiguration;
			buildSettings = {
				ALWAYS_EMBED_SWIFT_STANDARD_LIBRARIES = YES;
				BUNDLE_LOADER = "$(TEST_HOST)";
				CODE_SIGN_STYLE = Automatic;
				CURRENT_PROJECT_VERSION = 1;
				GENERATE_INFOPLIST_FILE = YES;
				IPHONEOS_DEPLOYMENT_TARGET = 17.0;
				MARKETING_VERSION = 1.0;
				PRODUCT_BUNDLE_IDENTIFIER = com.MapPracticeTests;
				PRODUCT_NAME = "$(TARGET_NAME)";
				SWIFT_EMIT_LOC_STRINGS = NO;
				SWIFT_VERSION = 5.0;
				TARGETED_DEVICE_FAMILY = "1,2";
				TEST_HOST = "$(BUILT_PRODUCTS_DIR)/MapPractice.app/$(BUNDLE_EXECUTABLE_FOLDER_PATH)/MapPractice";
			};
			name = Release;
		};
		0215A4AA2ACDD7EC00D7AA22 /* Debug */ = {
			isa = XCBuildConfiguration;
			buildSettings = {
				ALWAYS_EMBED_SWIFT_STANDARD_LIBRARIES = YES;
				CODE_SIGN_STYLE = Automatic;
				CURRENT_PROJECT_VERSION = 1;
				GENERATE_INFOPLIST_FILE = YES;
				MARKETING_VERSION = 1.0;
				PRODUCT_BUNDLE_IDENTIFIER = com.MapPracticeUITests;
				PRODUCT_NAME = "$(TARGET_NAME)";
				SWIFT_EMIT_LOC_STRINGS = NO;
				SWIFT_VERSION = 5.0;
				TARGETED_DEVICE_FAMILY = "1,2";
				TEST_TARGET_NAME = MapPractice;
			};
			name = Debug;
		};
		0215A4AB2ACDD7EC00D7AA22 /* Release */ = {
			isa = XCBuildConfiguration;
			buildSettings = {
				ALWAYS_EMBED_SWIFT_STANDARD_LIBRARIES = YES;
				CODE_SIGN_STYLE = Automatic;
				CURRENT_PROJECT_VERSION = 1;
				GENERATE_INFOPLIST_FILE = YES;
				MARKETING_VERSION = 1.0;
				PRODUCT_BUNDLE_IDENTIFIER = com.MapPracticeUITests;
				PRODUCT_NAME = "$(TARGET_NAME)";
				SWIFT_EMIT_LOC_STRINGS = NO;
				SWIFT_VERSION = 5.0;
				TARGETED_DEVICE_FAMILY = "1,2";
				TEST_TARGET_NAME = MapPractice;
			};
			name = Release;
		};
/* End XCBuildConfiguration section */

/* Begin XCConfigurationList section */
		0215A47A2ACDD7E900D7AA22 /* Build configuration list for PBXProject "MapPractice" */ = {
			isa = XCConfigurationList;
			buildConfigurations = (
				0215A4A12ACDD7EC00D7AA22 /* Debug */,
				0215A4A22ACDD7EC00D7AA22 /* Release */,
			);
			defaultConfigurationIsVisible = 0;
			defaultConfigurationName = Release;
		};
		0215A4A32ACDD7EC00D7AA22 /* Build configuration list for PBXNativeTarget "MapPractice" */ = {
			isa = XCConfigurationList;
			buildConfigurations = (
				0215A4A42ACDD7EC00D7AA22 /* Debug */,
				0215A4A52ACDD7EC00D7AA22 /* Release */,
			);
			defaultConfigurationIsVisible = 0;
			defaultConfigurationName = Release;
		};
		0215A4A62ACDD7EC00D7AA22 /* Build configuration list for PBXNativeTarget "MapPracticeTests" */ = {
			isa = XCConfigurationList;
			buildConfigurations = (
				0215A4A72ACDD7EC00D7AA22 /* Debug */,
				0215A4A82ACDD7EC00D7AA22 /* Release */,
			);
			defaultConfigurationIsVisible = 0;
			defaultConfigurationName = Release;
		};
		0215A4A92ACDD7EC00D7AA22 /* Build configuration list for PBXNativeTarget "MapPracticeUITests" */ = {
			isa = XCConfigurationList;
			buildConfigurations = (
				0215A4AA2ACDD7EC00D7AA22 /* Debug */,
				0215A4AB2ACDD7EC00D7AA22 /* Release */,
			);
			defaultConfigurationIsVisible = 0;
			defaultConfigurationName = Release;
		};
/* End XCConfigurationList section */
	};
	rootObject = 0215A4772ACDD7E900D7AA22 /* Project object */;
}
