// !$*UTF8*$!
{
	archiveVersion = 1;
	classes = {
	};
	objectVersion = 56;
	objects = {

/* Begin PBXBuildFile section */
		02479D602AA22D3100938D93 /* AppDelegate.swift in Sources */ = {isa = PBXBuildFile; fileRef = 02479D5F2AA22D3100938D93 /* AppDelegate.swift */; };
		02479D622AA22D3100938D93 /* SceneDelegate.swift in Sources */ = {isa = PBXBuildFile; fileRef = 02479D612AA22D3100938D93 /* SceneDelegate.swift */; };
		02479D642AA22D3100938D93 /* ViewController.swift in Sources */ = {isa = PBXBuildFile; fileRef = 02479D632AA22D3100938D93 /* ViewController.swift */; };
		02479D672AA22D3100938D93 /* Main.storyboard in Resources */ = {isa = PBXBuildFile; fileRef = 02479D652AA22D3100938D93 /* Main.storyboard */; };
		02479D692AA22D3300938D93 /* Assets.xcassets in Resources */ = {isa = PBXBuildFile; fileRef = 02479D682AA22D3300938D93 /* Assets.xcassets */; };
		02479D6C2AA22D3300938D93 /* LaunchScreen.storyboard in Resources */ = {isa = PBXBuildFile; fileRef = 02479D6A2AA22D3300938D93 /* LaunchScreen.storyboard */; };
		02479D772AA22D3300938D93 /* NewProductParsingTests.swift in Sources */ = {isa = PBXBuildFile; fileRef = 02479D762AA22D3300938D93 /* NewProductParsingTests.swift */; };
		02479D812AA22D3300938D93 /* NewProductParsingUITests.swift in Sources */ = {isa = PBXBuildFile; fileRef = 02479D802AA22D3300938D93 /* NewProductParsingUITests.swift */; };
		02479D832AA22D3300938D93 /* NewProductParsingUITestsLaunchTests.swift in Sources */ = {isa = PBXBuildFile; fileRef = 02479D822AA22D3300938D93 /* NewProductParsingUITestsLaunchTests.swift */; };
		02479D902AA22DAF00938D93 /* products.json in Resources */ = {isa = PBXBuildFile; fileRef = 02479D8F2AA22DAF00938D93 /* products.json */; };
		02479D922AA22EDD00938D93 /* ProductModel.swift in Sources */ = {isa = PBXBuildFile; fileRef = 02479D912AA22EDD00938D93 /* ProductModel.swift */; };
/* End PBXBuildFile section */

/* Begin PBXContainerItemProxy section */
		02479D732AA22D3300938D93 /* PBXContainerItemProxy */ = {
			isa = PBXContainerItemProxy;
			containerPortal = 02479D542AA22D3100938D93 /* Project object */;
			proxyType = 1;
			remoteGlobalIDString = 02479D5B2AA22D3100938D93;
			remoteInfo = NewProductParsing;
		};
		02479D7D2AA22D3300938D93 /* PBXContainerItemProxy */ = {
			isa = PBXContainerItemProxy;
			containerPortal = 02479D542AA22D3100938D93 /* Project object */;
			proxyType = 1;
			remoteGlobalIDString = 02479D5B2AA22D3100938D93;
			remoteInfo = NewProductParsing;
		};
/* End PBXContainerItemProxy section */

/* Begin PBXFileReference section */
		02479D5C2AA22D3100938D93 /* NewProductParsing.app */ = {isa = PBXFileReference; explicitFileType = wrapper.application; includeInIndex = 0; path = NewProductParsing.app; sourceTree = BUILT_PRODUCTS_DIR; };
		02479D5F2AA22D3100938D93 /* AppDelegate.swift */ = {isa = PBXFileReference; lastKnownFileType = sourcecode.swift; path = AppDelegate.swift; sourceTree = "<group>"; };
		02479D612AA22D3100938D93 /* SceneDelegate.swift */ = {isa = PBXFileReference; lastKnownFileType = sourcecode.swift; path = SceneDelegate.swift; sourceTree = "<group>"; };
		02479D632AA22D3100938D93 /* ViewController.swift */ = {isa = PBXFileReference; lastKnownFileType = sourcecode.swift; path = ViewController.swift; sourceTree = "<group>"; };
		02479D662AA22D3100938D93 /* Base */ = {isa = PBXFileReference; lastKnownFileType = file.storyboard; name = Base; path = Base.lproj/Main.storyboard; sourceTree = "<group>"; };
		02479D682AA22D3300938D93 /* Assets.xcassets */ = {isa = PBXFileReference; lastKnownFileType = folder.assetcatalog; path = Assets.xcassets; sourceTree = "<group>"; };
		02479D6B2AA22D3300938D93 /* Base */ = {isa = PBXFileReference; lastKnownFileType = file.storyboard; name = Base; path = Base.lproj/LaunchScreen.storyboard; sourceTree = "<group>"; };
		02479D6D2AA22D3300938D93 /* Info.plist */ = {isa = PBXFileReference; lastKnownFileType = text.plist.xml; path = Info.plist; sourceTree = "<group>"; };
		02479D722AA22D3300938D93 /* NewProductParsingTests.xctest */ = {isa = PBXFileReference; explicitFileType = wrapper.cfbundle; includeInIndex = 0; path = NewProductParsingTests.xctest; sourceTree = BUILT_PRODUCTS_DIR; };
		02479D762AA22D3300938D93 /* NewProductParsingTests.swift */ = {isa = PBXFileReference; lastKnownFileType = sourcecode.swift; path = NewProductParsingTests.swift; sourceTree = "<group>"; };
		02479D7C2AA22D3300938D93 /* NewProductParsingUITests.xctest */ = {isa = PBXFileReference; explicitFileType = wrapper.cfbundle; includeInIndex = 0; path = NewProductParsingUITests.xctest; sourceTree = BUILT_PRODUCTS_DIR; };
		02479D802AA22D3300938D93 /* NewProductParsingUITests.swift */ = {isa = PBXFileReference; lastKnownFileType = sourcecode.swift; path = NewProductParsingUITests.swift; sourceTree = "<group>"; };
		02479D822AA22D3300938D93 /* NewProductParsingUITestsLaunchTests.swift */ = {isa = PBXFileReference; lastKnownFileType = sourcecode.swift; path = NewProductParsingUITestsLaunchTests.swift; sourceTree = "<group>"; };
		02479D8F2AA22DAF00938D93 /* products.json */ = {isa = PBXFileReference; fileEncoding = 4; lastKnownFileType = text.json; path = products.json; sourceTree = "<group>"; };
		02479D912AA22EDD00938D93 /* ProductModel.swift */ = {isa = PBXFileReference; lastKnownFileType = sourcecode.swift; path = ProductModel.swift; sourceTree = "<group>"; };
/* End PBXFileReference section */

/* Begin PBXFrameworksBuildPhase section */
		02479D592AA22D3100938D93 /* Frameworks */ = {
			isa = PBXFrameworksBuildPhase;
			buildActionMask = 2147483647;
			files = (
			);
			runOnlyForDeploymentPostprocessing = 0;
		};
		02479D6F2AA22D3300938D93 /* Frameworks */ = {
			isa = PBXFrameworksBuildPhase;
			buildActionMask = 2147483647;
			files = (
			);
			runOnlyForDeploymentPostprocessing = 0;
		};
		02479D792AA22D3300938D93 /* Frameworks */ = {
			isa = PBXFrameworksBuildPhase;
			buildActionMask = 2147483647;
			files = (
			);
			runOnlyForDeploymentPostprocessing = 0;
		};
/* End PBXFrameworksBuildPhase section */

/* Begin PBXGroup section */
		02479D532AA22D3100938D93 = {
			isa = PBXGroup;
			children = (
				02479D5E2AA22D3100938D93 /* NewProductParsing */,
				02479D752AA22D3300938D93 /* NewProductParsingTests */,
				02479D7F2AA22D3300938D93 /* NewProductParsingUITests */,
				02479D5D2AA22D3100938D93 /* Products */,
			);
			sourceTree = "<group>";
		};
		02479D5D2AA22D3100938D93 /* Products */ = {
			isa = PBXGroup;
			children = (
				02479D5C2AA22D3100938D93 /* NewProductParsing.app */,
				02479D722AA22D3300938D93 /* NewProductParsingTests.xctest */,
				02479D7C2AA22D3300938D93 /* NewProductParsingUITests.xctest */,
			);
			name = Products;
			sourceTree = "<group>";
		};
		02479D5E2AA22D3100938D93 /* NewProductParsing */ = {
			isa = PBXGroup;
			children = (
				02479D5F2AA22D3100938D93 /* AppDelegate.swift */,
				02479D612AA22D3100938D93 /* SceneDelegate.swift */,
				02479D632AA22D3100938D93 /* ViewController.swift */,
				02479D652AA22D3100938D93 /* Main.storyboard */,
				02479D682AA22D3300938D93 /* Assets.xcassets */,
				02479D6A2AA22D3300938D93 /* LaunchScreen.storyboard */,
				02479D8F2AA22DAF00938D93 /* products.json */,
				02479D6D2AA22D3300938D93 /* Info.plist */,
				02479D912AA22EDD00938D93 /* ProductModel.swift */,
			);
			path = NewProductParsing;
			sourceTree = "<group>";
		};
		02479D752AA22D3300938D93 /* NewProductParsingTests */ = {
			isa = PBXGroup;
			children = (
				02479D762AA22D3300938D93 /* NewProductParsingTests.swift */,
			);
			path = NewProductParsingTests;
			sourceTree = "<group>";
		};
		02479D7F2AA22D3300938D93 /* NewProductParsingUITests */ = {
			isa = PBXGroup;
			children = (
				02479D802AA22D3300938D93 /* NewProductParsingUITests.swift */,
				02479D822AA22D3300938D93 /* NewProductParsingUITestsLaunchTests.swift */,
			);
			path = NewProductParsingUITests;
			sourceTree = "<group>";
		};
/* End PBXGroup section */

/* Begin PBXNativeTarget section */
		02479D5B2AA22D3100938D93 /* NewProductParsing */ = {
			isa = PBXNativeTarget;
			buildConfigurationList = 02479D862AA22D3300938D93 /* Build configuration list for PBXNativeTarget "NewProductParsing" */;
			buildPhases = (
				02479D582AA22D3100938D93 /* Sources */,
				02479D592AA22D3100938D93 /* Frameworks */,
				02479D5A2AA22D3100938D93 /* Resources */,
			);
			buildRules = (
			);
			dependencies = (
			);
			name = NewProductParsing;
			productName = NewProductParsing;
			productReference = 02479D5C2AA22D3100938D93 /* NewProductParsing.app */;
			productType = "com.apple.product-type.application";
		};
		02479D712AA22D3300938D93 /* NewProductParsingTests */ = {
			isa = PBXNativeTarget;
			buildConfigurationList = 02479D892AA22D3300938D93 /* Build configuration list for PBXNativeTarget "NewProductParsingTests" */;
			buildPhases = (
				02479D6E2AA22D3300938D93 /* Sources */,
				02479D6F2AA22D3300938D93 /* Frameworks */,
				02479D702AA22D3300938D93 /* Resources */,
			);
			buildRules = (
			);
			dependencies = (
				02479D742AA22D3300938D93 /* PBXTargetDependency */,
			);
			name = NewProductParsingTests;
			productName = NewProductParsingTests;
			productReference = 02479D722AA22D3300938D93 /* NewProductParsingTests.xctest */;
			productType = "com.apple.product-type.bundle.unit-test";
		};
		02479D7B2AA22D3300938D93 /* NewProductParsingUITests */ = {
			isa = PBXNativeTarget;
			buildConfigurationList = 02479D8C2AA22D3300938D93 /* Build configuration list for PBXNativeTarget "NewProductParsingUITests" */;
			buildPhases = (
				02479D782AA22D3300938D93 /* Sources */,
				02479D792AA22D3300938D93 /* Frameworks */,
				02479D7A2AA22D3300938D93 /* Resources */,
			);
			buildRules = (
			);
			dependencies = (
				02479D7E2AA22D3300938D93 /* PBXTargetDependency */,
			);
			name = NewProductParsingUITests;
			productName = NewProductParsingUITests;
			productReference = 02479D7C2AA22D3300938D93 /* NewProductParsingUITests.xctest */;
			productType = "com.apple.product-type.bundle.ui-testing";
		};
/* End PBXNativeTarget section */

/* Begin PBXProject section */
		02479D542AA22D3100938D93 /* Project object */ = {
			isa = PBXProject;
			attributes = {
				BuildIndependentTargetsInParallel = 1;
				LastSwiftUpdateCheck = 1430;
				LastUpgradeCheck = 1430;
				TargetAttributes = {
					02479D5B2AA22D3100938D93 = {
						CreatedOnToolsVersion = 14.3.1;
					};
					02479D712AA22D3300938D93 = {
						CreatedOnToolsVersion = 14.3.1;
						TestTargetID = 02479D5B2AA22D3100938D93;
					};
					02479D7B2AA22D3300938D93 = {
						CreatedOnToolsVersion = 14.3.1;
						TestTargetID = 02479D5B2AA22D3100938D93;
					};
				};
			};
			buildConfigurationList = 02479D572AA22D3100938D93 /* Build configuration list for PBXProject "NewProductParsing" */;
			compatibilityVersion = "Xcode 14.0";
			developmentRegion = en;
			hasScannedForEncodings = 0;
			knownRegions = (
				en,
				Base,
			);
			mainGroup = 02479D532AA22D3100938D93;
			productRefGroup = 02479D5D2AA22D3100938D93 /* Products */;
			projectDirPath = "";
			projectRoot = "";
			targets = (
				02479D5B2AA22D3100938D93 /* NewProductParsing */,
				02479D712AA22D3300938D93 /* NewProductParsingTests */,
				02479D7B2AA22D3300938D93 /* NewProductParsingUITests */,
			);
		};
/* End PBXProject section */

/* Begin PBXResourcesBuildPhase section */
		02479D5A2AA22D3100938D93 /* Resources */ = {
			isa = PBXResourcesBuildPhase;
			buildActionMask = 2147483647;
			files = (
				02479D6C2AA22D3300938D93 /* LaunchScreen.storyboard in Resources */,
				02479D902AA22DAF00938D93 /* products.json in Resources */,
				02479D692AA22D3300938D93 /* Assets.xcassets in Resources */,
				02479D672AA22D3100938D93 /* Main.storyboard in Resources */,
			);
			runOnlyForDeploymentPostprocessing = 0;
		};
		02479D702AA22D3300938D93 /* Resources */ = {
			isa = PBXResourcesBuildPhase;
			buildActionMask = 2147483647;
			files = (
			);
			runOnlyForDeploymentPostprocessing = 0;
		};
		02479D7A2AA22D3300938D93 /* Resources */ = {
			isa = PBXResourcesBuildPhase;
			buildActionMask = 2147483647;
			files = (
			);
			runOnlyForDeploymentPostprocessing = 0;
		};
/* End PBXResourcesBuildPhase section */

/* Begin PBXSourcesBuildPhase section */
		02479D582AA22D3100938D93 /* Sources */ = {
			isa = PBXSourcesBuildPhase;
			buildActionMask = 2147483647;
			files = (
				02479D642AA22D3100938D93 /* ViewController.swift in Sources */,
				02479D602AA22D3100938D93 /* AppDelegate.swift in Sources */,
				02479D622AA22D3100938D93 /* SceneDelegate.swift in Sources */,
				02479D922AA22EDD00938D93 /* ProductModel.swift in Sources */,
			);
			runOnlyForDeploymentPostprocessing = 0;
		};
		02479D6E2AA22D3300938D93 /* Sources */ = {
			isa = PBXSourcesBuildPhase;
			buildActionMask = 2147483647;
			files = (
				02479D772AA22D3300938D93 /* NewProductParsingTests.swift in Sources */,
			);
			runOnlyForDeploymentPostprocessing = 0;
		};
		02479D782AA22D3300938D93 /* Sources */ = {
			isa = PBXSourcesBuildPhase;
			buildActionMask = 2147483647;
			files = (
				02479D832AA22D3300938D93 /* NewProductParsingUITestsLaunchTests.swift in Sources */,
				02479D812AA22D3300938D93 /* NewProductParsingUITests.swift in Sources */,
			);
			runOnlyForDeploymentPostprocessing = 0;
		};
/* End PBXSourcesBuildPhase section */

/* Begin PBXTargetDependency section */
		02479D742AA22D3300938D93 /* PBXTargetDependency */ = {
			isa = PBXTargetDependency;
			target = 02479D5B2AA22D3100938D93 /* NewProductParsing */;
			targetProxy = 02479D732AA22D3300938D93 /* PBXContainerItemProxy */;
		};
		02479D7E2AA22D3300938D93 /* PBXTargetDependency */ = {
			isa = PBXTargetDependency;
			target = 02479D5B2AA22D3100938D93 /* NewProductParsing */;
			targetProxy = 02479D7D2AA22D3300938D93 /* PBXContainerItemProxy */;
		};
/* End PBXTargetDependency section */

/* Begin PBXVariantGroup section */
		02479D652AA22D3100938D93 /* Main.storyboard */ = {
			isa = PBXVariantGroup;
			children = (
				02479D662AA22D3100938D93 /* Base */,
			);
			name = Main.storyboard;
			sourceTree = "<group>";
		};
		02479D6A2AA22D3300938D93 /* LaunchScreen.storyboard */ = {
			isa = PBXVariantGroup;
			children = (
				02479D6B2AA22D3300938D93 /* Base */,
			);
			name = LaunchScreen.storyboard;
			sourceTree = "<group>";
		};
/* End PBXVariantGroup section */

/* Begin XCBuildConfiguration section */
		02479D842AA22D3300938D93 /* Debug */ = {
			isa = XCBuildConfiguration;
			buildSettings = {
				ALWAYS_SEARCH_USER_PATHS = NO;
				CLANG_ANALYZER_NONNULL = YES;
				CLANG_ANALYZER_NUMBER_OBJECT_CONVERSION = YES_AGGRESSIVE;
				CLANG_CXX_LANGUAGE_STANDARD = "gnu++20";
				CLANG_ENABLE_MODULES = YES;
				CLANG_ENABLE_OBJC_ARC = YES;
				CLANG_ENABLE_OBJC_WEAK = YES;
				CLANG_WARN_BLOCK_CAPTURE_AUTORELEASING = YES;
				CLANG_WARN_BOOL_CONVERSION = YES;
				CLANG_WARN_COMMA = YES;
				CLANG_WARN_CONSTANT_CONVERSION = YES;
				CLANG_WARN_DEPRECATED_OBJC_IMPLEMENTATIONS = YES;
				CLANG_WARN_DIRECT_OBJC_ISA_USAGE = YES_ERROR;
				CLANG_WARN_DOCUMENTATION_COMMENTS = YES;
				CLANG_WARN_EMPTY_BODY = YES;
				CLANG_WARN_ENUM_CONVERSION = YES;
				CLANG_WARN_INFINITE_RECURSION = YES;
				CLANG_WARN_INT_CONVERSION = YES;
				CLANG_WARN_NON_LITERAL_NULL_CONVERSION = YES;
				CLANG_WARN_OBJC_IMPLICIT_RETAIN_SELF = YES;
				CLANG_WARN_OBJC_LITERAL_CONVERSION = YES;
				CLANG_WARN_OBJC_ROOT_CLASS = YES_ERROR;
				CLANG_WARN_QUOTED_INCLUDE_IN_FRAMEWORK_HEADER = YES;
				CLANG_WARN_RANGE_LOOP_ANALYSIS = YES;
				CLANG_WARN_STRICT_PROTOTYPES = YES;
				CLANG_WARN_SUSPICIOUS_MOVE = YES;
				CLANG_WARN_UNGUARDED_AVAILABILITY = YES_AGGRESSIVE;
				CLANG_WARN_UNREACHABLE_CODE = YES;
				CLANG_WARN__DUPLICATE_METHOD_MATCH = YES;
				COPY_PHASE_STRIP = NO;
				DEBUG_INFORMATION_FORMAT = dwarf;
				ENABLE_STRICT_OBJC_MSGSEND = YES;
				ENABLE_TESTABILITY = YES;
				GCC_C_LANGUAGE_STANDARD = gnu11;
				GCC_DYNAMIC_NO_PIC = NO;
				GCC_NO_COMMON_BLOCKS = YES;
				GCC_OPTIMIZATION_LEVEL = 0;
				GCC_PREPROCESSOR_DEFINITIONS = (
					"DEBUG=1",
					"$(inherited)",
				);
				GCC_WARN_64_TO_32_BIT_CONVERSION = YES;
				GCC_WARN_ABOUT_RETURN_TYPE = YES_ERROR;
				GCC_WARN_UNDECLARED_SELECTOR = YES;
				GCC_WARN_UNINITIALIZED_AUTOS = YES_AGGRESSIVE;
				GCC_WARN_UNUSED_FUNCTION = YES;
				GCC_WARN_UNUSED_VARIABLE = YES;
				IPHONEOS_DEPLOYMENT_TARGET = 16.4;
				MTL_ENABLE_DEBUG_INFO = INCLUDE_SOURCE;
				MTL_FAST_MATH = YES;
				ONLY_ACTIVE_ARCH = YES;
				SDKROOT = iphoneos;
				SWIFT_ACTIVE_COMPILATION_CONDITIONS = DEBUG;
				SWIFT_OPTIMIZATION_LEVEL = "-Onone";
			};
			name = Debug;
		};
		02479D852AA22D3300938D93 /* Release */ = {
			isa = XCBuildConfiguration;
			buildSettings = {
				ALWAYS_SEARCH_USER_PATHS = NO;
				CLANG_ANALYZER_NONNULL = YES;
				CLANG_ANALYZER_NUMBER_OBJECT_CONVERSION = YES_AGGRESSIVE;
				CLANG_CXX_LANGUAGE_STANDARD = "gnu++20";
				CLANG_ENABLE_MODULES = YES;
				CLANG_ENABLE_OBJC_ARC = YES;
				CLANG_ENABLE_OBJC_WEAK = YES;
				CLANG_WARN_BLOCK_CAPTURE_AUTORELEASING = YES;
				CLANG_WARN_BOOL_CONVERSION = YES;
				CLANG_WARN_COMMA = YES;
				CLANG_WARN_CONSTANT_CONVERSION = YES;
				CLANG_WARN_DEPRECATED_OBJC_IMPLEMENTATIONS = YES;
				CLANG_WARN_DIRECT_OBJC_ISA_USAGE = YES_ERROR;
				CLANG_WARN_DOCUMENTATION_COMMENTS = YES;
				CLANG_WARN_EMPTY_BODY = YES;
				CLANG_WARN_ENUM_CONVERSION = YES;
				CLANG_WARN_INFINITE_RECURSION = YES;
				CLANG_WARN_INT_CONVERSION = YES;
				CLANG_WARN_NON_LITERAL_NULL_CONVERSION = YES;
				CLANG_WARN_OBJC_IMPLICIT_RETAIN_SELF = YES;
				CLANG_WARN_OBJC_LITERAL_CONVERSION = YES;
				CLANG_WARN_OBJC_ROOT_CLASS = YES_ERROR;
				CLANG_WARN_QUOTED_INCLUDE_IN_FRAMEWORK_HEADER = YES;
				CLANG_WARN_RANGE_LOOP_ANALYSIS = YES;
				CLANG_WARN_STRICT_PROTOTYPES = YES;
				CLANG_WARN_SUSPICIOUS_MOVE = YES;
				CLANG_WARN_UNGUARDED_AVAILABILITY = YES_AGGRESSIVE;
				CLANG_WARN_UNREACHABLE_CODE = YES;
				CLANG_WARN__DUPLICATE_METHOD_MATCH = YES;
				COPY_PHASE_STRIP = NO;
				DEBUG_INFORMATION_FORMAT = "dwarf-with-dsym";
				ENABLE_NS_ASSERTIONS = NO;
				ENABLE_STRICT_OBJC_MSGSEND = YES;
				GCC_C_LANGUAGE_STANDARD = gnu11;
				GCC_NO_COMMON_BLOCKS = YES;
				GCC_WARN_64_TO_32_BIT_CONVERSION = YES;
				GCC_WARN_ABOUT_RETURN_TYPE = YES_ERROR;
				GCC_WARN_UNDECLARED_SELECTOR = YES;
				GCC_WARN_UNINITIALIZED_AUTOS = YES_AGGRESSIVE;
				GCC_WARN_UNUSED_FUNCTION = YES;
				GCC_WARN_UNUSED_VARIABLE = YES;
				IPHONEOS_DEPLOYMENT_TARGET = 16.4;
				MTL_ENABLE_DEBUG_INFO = NO;
				MTL_FAST_MATH = YES;
				SDKROOT = iphoneos;
				SWIFT_COMPILATION_MODE = wholemodule;
				SWIFT_OPTIMIZATION_LEVEL = "-O";
				VALIDATE_PRODUCT = YES;
			};
			name = Release;
		};
		02479D872AA22D3300938D93 /* Debug */ = {
			isa = XCBuildConfiguration;
			buildSettings = {
				ASSETCATALOG_COMPILER_APPICON_NAME = AppIcon;
				ASSETCATALOG_COMPILER_GLOBAL_ACCENT_COLOR_NAME = AccentColor;
				CODE_SIGN_STYLE = Automatic;
				CURRENT_PROJECT_VERSION = 1;
				GENERATE_INFOPLIST_FILE = YES;
				INFOPLIST_FILE = NewProductParsing/Info.plist;
				INFOPLIST_KEY_UIApplicationSupportsIndirectInputEvents = YES;
				INFOPLIST_KEY_UILaunchStoryboardName = LaunchScreen;
				INFOPLIST_KEY_UIMainStoryboardFile = Main;
				INFOPLIST_KEY_UISupportedInterfaceOrientations_iPad = "UIInterfaceOrientationPortrait UIInterfaceOrientationPortraitUpsideDown UIInterfaceOrientationLandscapeLeft UIInterfaceOrientationLandscapeRight";
				INFOPLIST_KEY_UISupportedInterfaceOrientations_iPhone = "UIInterfaceOrientationPortrait UIInterfaceOrientationLandscapeLeft UIInterfaceOrientationLandscapeRight";
				LD_RUNPATH_SEARCH_PATHS = (
					"$(inherited)",
					"@executable_path/Frameworks",
				);
				MARKETING_VERSION = 1.0;
				PRODUCT_BUNDLE_IDENTIFIER = com.NewProductParsing;
				PRODUCT_NAME = "$(TARGET_NAME)";
				SWIFT_EMIT_LOC_STRINGS = YES;
				SWIFT_VERSION = 5.0;
				TARGETED_DEVICE_FAMILY = "1,2";
			};
			name = Debug;
		};
		02479D882AA22D3300938D93 /* Release */ = {
			isa = XCBuildConfiguration;
			buildSettings = {
				ASSETCATALOG_COMPILER_APPICON_NAME = AppIcon;
				ASSETCATALOG_COMPILER_GLOBAL_ACCENT_COLOR_NAME = AccentColor;
				CODE_SIGN_STYLE = Automatic;
				CURRENT_PROJECT_VERSION = 1;
				GENERATE_INFOPLIST_FILE = YES;
				INFOPLIST_FILE = NewProductParsing/Info.plist;
				INFOPLIST_KEY_UIApplicationSupportsIndirectInputEvents = YES;
				INFOPLIST_KEY_UILaunchStoryboardName = LaunchScreen;
				INFOPLIST_KEY_UIMainStoryboardFile = Main;
				INFOPLIST_KEY_UISupportedInterfaceOrientations_iPad = "UIInterfaceOrientationPortrait UIInterfaceOrientationPortraitUpsideDown UIInterfaceOrientationLandscapeLeft UIInterfaceOrientationLandscapeRight";
				INFOPLIST_KEY_UISupportedInterfaceOrientations_iPhone = "UIInterfaceOrientationPortrait UIInterfaceOrientationLandscapeLeft UIInterfaceOrientationLandscapeRight";
				LD_RUNPATH_SEARCH_PATHS = (
					"$(inherited)",
					"@executable_path/Frameworks",
				);
				MARKETING_VERSION = 1.0;
				PRODUCT_BUNDLE_IDENTIFIER = com.NewProductParsing;
				PRODUCT_NAME = "$(TARGET_NAME)";
				SWIFT_EMIT_LOC_STRINGS = YES;
				SWIFT_VERSION = 5.0;
				TARGETED_DEVICE_FAMILY = "1,2";
			};
			name = Release;
		};
		02479D8A2AA22D3300938D93 /* Debug */ = {
			isa = XCBuildConfiguration;
			buildSettings = {
				ALWAYS_EMBED_SWIFT_STANDARD_LIBRARIES = YES;
				BUNDLE_LOADER = "$(TEST_HOST)";
				CODE_SIGN_STYLE = Automatic;
				CURRENT_PROJECT_VERSION = 1;
				GENERATE_INFOPLIST_FILE = YES;
				IPHONEOS_DEPLOYMENT_TARGET = 16.4;
				MARKETING_VERSION = 1.0;
				PRODUCT_BUNDLE_IDENTIFIER = com.NewProductParsingTests;
				PRODUCT_NAME = "$(TARGET_NAME)";
				SWIFT_EMIT_LOC_STRINGS = NO;
				SWIFT_VERSION = 5.0;
				TARGETED_DEVICE_FAMILY = "1,2";
				TEST_HOST = "$(BUILT_PRODUCTS_DIR)/NewProductParsing.app/$(BUNDLE_EXECUTABLE_FOLDER_PATH)/NewProductParsing";
			};
			name = Debug;
		};
		02479D8B2AA22D3300938D93 /* Release */ = {
			isa = XCBuildConfiguration;
			buildSettings = {
				ALWAYS_EMBED_SWIFT_STANDARD_LIBRARIES = YES;
				BUNDLE_LOADER = "$(TEST_HOST)";
				CODE_SIGN_STYLE = Automatic;
				CURRENT_PROJECT_VERSION = 1;
				GENERATE_INFOPLIST_FILE = YES;
				IPHONEOS_DEPLOYMENT_TARGET = 16.4;
				MARKETING_VERSION = 1.0;
				PRODUCT_BUNDLE_IDENTIFIER = com.NewProductParsingTests;
				PRODUCT_NAME = "$(TARGET_NAME)";
				SWIFT_EMIT_LOC_STRINGS = NO;
				SWIFT_VERSION = 5.0;
				TARGETED_DEVICE_FAMILY = "1,2";
				TEST_HOST = "$(BUILT_PRODUCTS_DIR)/NewProductParsing.app/$(BUNDLE_EXECUTABLE_FOLDER_PATH)/NewProductParsing";
			};
			name = Release;
		};
		02479D8D2AA22D3300938D93 /* Debug */ = {
			isa = XCBuildConfiguration;
			buildSettings = {
				ALWAYS_EMBED_SWIFT_STANDARD_LIBRARIES = YES;
				CODE_SIGN_STYLE = Automatic;
				CURRENT_PROJECT_VERSION = 1;
				GENERATE_INFOPLIST_FILE = YES;
				MARKETING_VERSION = 1.0;
				PRODUCT_BUNDLE_IDENTIFIER = com.NewProductParsingUITests;
				PRODUCT_NAME = "$(TARGET_NAME)";
				SWIFT_EMIT_LOC_STRINGS = NO;
				SWIFT_VERSION = 5.0;
				TARGETED_DEVICE_FAMILY = "1,2";
				TEST_TARGET_NAME = NewProductParsing;
			};
			name = Debug;
		};
		02479D8E2AA22D3300938D93 /* Release */ = {
			isa = XCBuildConfiguration;
			buildSettings = {
				ALWAYS_EMBED_SWIFT_STANDARD_LIBRARIES = YES;
				CODE_SIGN_STYLE = Automatic;
				CURRENT_PROJECT_VERSION = 1;
				GENERATE_INFOPLIST_FILE = YES;
				MARKETING_VERSION = 1.0;
				PRODUCT_BUNDLE_IDENTIFIER = com.NewProductParsingUITests;
				PRODUCT_NAME = "$(TARGET_NAME)";
				SWIFT_EMIT_LOC_STRINGS = NO;
				SWIFT_VERSION = 5.0;
				TARGETED_DEVICE_FAMILY = "1,2";
				TEST_TARGET_NAME = NewProductParsing;
			};
			name = Release;
		};
/* End XCBuildConfiguration section */

/* Begin XCConfigurationList section */
		02479D572AA22D3100938D93 /* Build configuration list for PBXProject "NewProductParsing" */ = {
			isa = XCConfigurationList;
			buildConfigurations = (
				02479D842AA22D3300938D93 /* Debug */,
				02479D852AA22D3300938D93 /* Release */,
			);
			defaultConfigurationIsVisible = 0;
			defaultConfigurationName = Release;
		};
		02479D862AA22D3300938D93 /* Build configuration list for PBXNativeTarget "NewProductParsing" */ = {
			isa = XCConfigurationList;
			buildConfigurations = (
				02479D872AA22D3300938D93 /* Debug */,
				02479D882AA22D3300938D93 /* Release */,
			);
			defaultConfigurationIsVisible = 0;
			defaultConfigurationName = Release;
		};
		02479D892AA22D3300938D93 /* Build configuration list for PBXNativeTarget "NewProductParsingTests" */ = {
			isa = XCConfigurationList;
			buildConfigurations = (
				02479D8A2AA22D3300938D93 /* Debug */,
				02479D8B2AA22D3300938D93 /* Release */,
			);
			defaultConfigurationIsVisible = 0;
			defaultConfigurationName = Release;
		};
		02479D8C2AA22D3300938D93 /* Build configuration list for PBXNativeTarget "NewProductParsingUITests" */ = {
			isa = XCConfigurationList;
			buildConfigurations = (
				02479D8D2AA22D3300938D93 /* Debug */,
				02479D8E2AA22D3300938D93 /* Release */,
			);
			defaultConfigurationIsVisible = 0;
			defaultConfigurationName = Release;
		};
/* End XCConfigurationList section */
	};
	rootObject = 02479D542AA22D3100938D93 /* Project object */;
}
